
Microsoft Visual Studio Solution File, Format Version 12.00
# Visual Studio 2013
VisualStudioVersion = 12.0.21005.1
MinimumVisualStudioVersion = 10.0.40219.1
Project("{FAE04EC0-301F-11D3-BF4B-00C04F79EFBC}") = "MevzuatOrg.UI.Web", "MuhasebeWEB\MevzuatOrg.UI.Web.csproj", "{7B65C00C-D275-4967-8494-33D169D758EA}"
EndProject
Project("{2150E333-8FDC-42A3-9474-1A3956D46DE8}") = "Business", "Business", "{564A0DC1-CBE3-4E48-97AB-7FB4694B05C5}"
EndProject
Project("{2150E333-8FDC-42A3-9474-1A3956D46DE8}") = "Data", "Data", "{A3153016-C7B6-48A4-B515-DE0BAB323EF3}"
EndProject
Project("{2150E333-8FDC-42A3-9474-1A3956D46DE8}") = "UI", "UI", "{919500E3-FA56-47AD-BE00-D313ADBB9BA2}"
EndProject
Project("{FAE04EC0-301F-11D3-BF4B-00C04F79EFBC}") = "MevzuatOrg.Business.Components", "MevzuatOrg.Business.Components\MevzuatOrg.Business.Components.csproj", "{63528AE5-2D3F-48D3-95DC-C3836E661B8C}"
EndProject
Project("{FAE04EC0-301F-11D3-BF4B-00C04F79EFBC}") = "MevzuatOrg.Business.Entities", "MevzuatOrg.Business.Entities\MevzuatOrg.Business.Entities.csproj", "{86BF0C61-EBE0-4D75-B14C-B7E803341143}"
EndProject
Project("{FAE04EC0-301F-11D3-BF4B-00C04F79EFBC}") = "MevzuatOrg.Data", "MevzuatOrg.Data\MevzuatOrg.Data.csproj", "{37A533CF-2DC1-4D68-AC17-0E3803AC0F29}"
EndProject
Global
	GlobalSection(SolutionConfigurationPlatforms) = preSolution
		Debug|Any CPU = Debug|Any CPU
		Release|Any CPU = Release|Any CPU
	EndGlobalSection
	GlobalSection(ProjectConfigurationPlatforms) = postSolution
		{7B65C00C-D275-4967-8494-33D169D758EA}.Debug|Any CPU.ActiveCfg = Debug|Any CPU
		{7B65C00C-D275-4967-8494-33D169D758EA}.Debug|Any CPU.Build.0 = Debug|Any CPU
		{7B65C00C-D275-4967-8494-33D169D758EA}.Release|Any CPU.ActiveCfg = Release|Any CPU
		{7B65C00C-D275-4967-8494-33D169D758EA}.Release|Any CPU.Build.0 = Release|Any CPU
		{63528AE5-2D3F-48D3-95DC-C3836E661B8C}.Debug|Any CPU.ActiveCfg = Debug|Any CPU
		{63528AE5-2D3F-48D3-95DC-C3836E661B8C}.Debug|Any CPU.Build.0 = Debug|Any CPU
		{63528AE5-2D3F-48D3-95DC-C3836E661B8C}.Release|Any CPU.ActiveCfg = Release|Any CPU
		{63528AE5-2D3F-48D3-95DC-C3836E661B8C}.Release|Any CPU.Build.0 = Release|Any CPU
		{86BF0C61-EBE0-4D75-B14C-B7E803341143}.Debug|Any CPU.ActiveCfg = Debug|Any CPU
		{86BF0C61-EBE0-4D75-B14C-B7E803341143}.Debug|Any CPU.Build.0 = Debug|Any CPU
		{86BF0C61-EBE0-4D75-B14C-B7E803341143}.Release|Any CPU.ActiveCfg = Release|Any CPU
		{86BF0C61-EBE0-4D75-B14C-B7E803341143}.Release|Any CPU.Build.0 = Release|Any CPU
		{37A533CF-2DC1-4D68-AC17-0E3803AC0F29}.Debug|Any CPU.ActiveCfg = Debug|Any CPU
		{37A533CF-2DC1-4D68-AC17-0E3803AC0F29}.Debug|Any CPU.Build.0 = Debug|Any CPU
		{37A533CF-2DC1-4D68-AC17-0E3803AC0F29}.Release|Any CPU.ActiveCfg = Release|Any CPU
		{37A533CF-2DC1-4D68-AC17-0E3803AC0F29}.Release|Any CPU.Build.0 = Release|Any CPU
	EndGlobalSection
	GlobalSection(SolutionProperties) = preSolution
		HideSolutionNode = FALSE
	EndGlobalSection
	GlobalSection(NestedProjects) = preSolution
		{7B65C00C-D275-4967-8494-33D169D758EA} = {919500E3-FA56-47AD-BE00-D313ADBB9BA2}
		{63528AE5-2D3F-48D3-95DC-C3836E661B8C} = {564A0DC1-CBE3-4E48-97AB-7FB4694B05C5}
		{86BF0C61-EBE0-4D75-B14C-B7E803341143} = {564A0DC1-CBE3-4E48-97AB-7FB4694B05C5}
		{37A533CF-2DC1-4D68-AC17-0E3803AC0F29} = {A3153016-C7B6-48A4-B515-DE0BAB323EF3}
	EndGlobalSection
EndGlobal
